
Microsoft Visual Studio Solution File, Format Version 12.00
# Visual Studio Version 17
VisualStudioVersion = 17.4.33110.190
MinimumVisualStudioVersion = 10.0.40219.1
Project("{8BC9CEB8-8B4A-11D0-8D11-00A0C91BC942}") = "Core", "Core\Core.vcxproj", "{85995752-9E71-4A36-8B8F-EC7E29136A3F}"
EndProject
Project("{8BC9CEB8-8B4A-11D0-8D11-00A0C91BC942}") = "Wrapper", "Wrapper\Wrapper.vcxproj", "{A2FBACB1-47BE-4179-87B4-331F82259E27}"
EndProject
Project("{9A19103F-16F7-4668-BE54-9A1E7A4F7556}") = "EnergyPerformance", "EnergyPerformance\EnergyPerformance.csproj", "{34B36CD8-41C2-451A-B7EC-DFE647487E41}"
EndProject
Project("{9A19103F-16F7-4668-BE54-9A1E7A4F7556}") = "EnergyPerformance.Core", "EnergyPerformance.Core\EnergyPerformance.Core.csproj", "{32427FC5-D11D-43F2-A5DF-7A85ED51B187}"
EndProject
Project("{9A19103F-16F7-4668-BE54-9A1E7A4F7556}") = "EnergyPerformance.Tests.MSTest", "EnergyPerformance.Tests.MSTest\EnergyPerformance.Tests.MSTest.csproj", "{8A2C40F1-65B3-4E5E-A16A-39F8F2D7F6E1}"
EndProject
Global
	GlobalSection(SolutionConfigurationPlatforms) = preSolution
		Debug|Any CPU = Debug|Any CPU
		Debug|arm64 = Debug|arm64
		Debug|x64 = Debug|x64
		Debug|x86 = Debug|x86
		Release|Any CPU = Release|Any CPU
		Release|arm64 = Release|arm64
		Release|x64 = Release|x64
		Release|x86 = Release|x86
	EndGlobalSection
	GlobalSection(ProjectConfigurationPlatforms) = postSolution
		{85995752-9E71-4A36-8B8F-EC7E29136A3F}.Debug|Any CPU.ActiveCfg = Debug|x64
		{85995752-9E71-4A36-8B8F-EC7E29136A3F}.Debug|Any CPU.Build.0 = Debug|x64
		{85995752-9E71-4A36-8B8F-EC7E29136A3F}.Debug|arm64.ActiveCfg = Debug|x64
		{85995752-9E71-4A36-8B8F-EC7E29136A3F}.Debug|arm64.Build.0 = Debug|x64
		{85995752-9E71-4A36-8B8F-EC7E29136A3F}.Debug|x64.ActiveCfg = Debug|x64
		{85995752-9E71-4A36-8B8F-EC7E29136A3F}.Debug|x64.Build.0 = Debug|x64
		{85995752-9E71-4A36-8B8F-EC7E29136A3F}.Debug|x86.ActiveCfg = Debug|Win32
		{85995752-9E71-4A36-8B8F-EC7E29136A3F}.Debug|x86.Build.0 = Debug|Win32
		{85995752-9E71-4A36-8B8F-EC7E29136A3F}.Release|Any CPU.ActiveCfg = Release|x64
		{85995752-9E71-4A36-8B8F-EC7E29136A3F}.Release|Any CPU.Build.0 = Release|x64
		{85995752-9E71-4A36-8B8F-EC7E29136A3F}.Release|arm64.ActiveCfg = Release|x64
		{85995752-9E71-4A36-8B8F-EC7E29136A3F}.Release|arm64.Build.0 = Release|x64
		{85995752-9E71-4A36-8B8F-EC7E29136A3F}.Release|x64.ActiveCfg = Release|x64
		{85995752-9E71-4A36-8B8F-EC7E29136A3F}.Release|x64.Build.0 = Release|x64
		{85995752-9E71-4A36-8B8F-EC7E29136A3F}.Release|x86.ActiveCfg = Release|x64
		{85995752-9E71-4A36-8B8F-EC7E29136A3F}.Release|x86.Build.0 = Release|x64
		{A2FBACB1-47BE-4179-87B4-331F82259E27}.Debug|Any CPU.ActiveCfg = Debug|x64
		{A2FBACB1-47BE-4179-87B4-331F82259E27}.Debug|Any CPU.Build.0 = Debug|x64
		{A2FBACB1-47BE-4179-87B4-331F82259E27}.Debug|arm64.ActiveCfg = Debug|x64
		{A2FBACB1-47BE-4179-87B4-331F82259E27}.Debug|arm64.Build.0 = Debug|x64
		{A2FBACB1-47BE-4179-87B4-331F82259E27}.Debug|x64.ActiveCfg = Debug|x64
		{A2FBACB1-47BE-4179-87B4-331F82259E27}.Debug|x64.Build.0 = Debug|x64
		{A2FBACB1-47BE-4179-87B4-331F82259E27}.Debug|x86.ActiveCfg = Debug|Win32
		{A2FBACB1-47BE-4179-87B4-331F82259E27}.Debug|x86.Build.0 = Debug|Win32
		{A2FBACB1-47BE-4179-87B4-331F82259E27}.Release|Any CPU.ActiveCfg = Release|x64
		{A2FBACB1-47BE-4179-87B4-331F82259E27}.Release|Any CPU.Build.0 = Release|x64
		{A2FBACB1-47BE-4179-87B4-331F82259E27}.Release|arm64.ActiveCfg = Release|x64
		{A2FBACB1-47BE-4179-87B4-331F82259E27}.Release|arm64.Build.0 = Release|x64
		{A2FBACB1-47BE-4179-87B4-331F82259E27}.Release|x64.ActiveCfg = Release|x64
		{A2FBACB1-47BE-4179-87B4-331F82259E27}.Release|x64.Build.0 = Release|x64
		{A2FBACB1-47BE-4179-87B4-331F82259E27}.Release|x86.ActiveCfg = Release|Win32
		{A2FBACB1-47BE-4179-87B4-331F82259E27}.Release|x86.Build.0 = Release|Win32
		{34B36CD8-41C2-451A-B7EC-DFE647487E41}.Debug|Any CPU.ActiveCfg = Debug|x64
		{34B36CD8-41C2-451A-B7EC-DFE647487E41}.Debug|Any CPU.Build.0 = Debug|x64
		{34B36CD8-41C2-451A-B7EC-DFE647487E41}.Debug|Any CPU.Deploy.0 = Debug|x64
		{34B36CD8-41C2-451A-B7EC-DFE647487E41}.Debug|arm64.ActiveCfg = Debug|arm64
		{34B36CD8-41C2-451A-B7EC-DFE647487E41}.Debug|arm64.Build.0 = Debug|arm64
		{34B36CD8-41C2-451A-B7EC-DFE647487E41}.Debug|arm64.Deploy.0 = Debug|arm64
		{34B36CD8-41C2-451A-B7EC-DFE647487E41}.Debug|x64.ActiveCfg = Debug|x64
		{34B36CD8-41C2-451A-B7EC-DFE647487E41}.Debug|x64.Build.0 = Debug|x64
		{34B36CD8-41C2-451A-B7EC-DFE647487E41}.Debug|x64.Deploy.0 = Debug|x64
		{34B36CD8-41C2-451A-B7EC-DFE647487E41}.Debug|x86.ActiveCfg = Debug|x86
		{34B36CD8-41C2-451A-B7EC-DFE647487E41}.Debug|x86.Build.0 = Debug|x86
		{34B36CD8-41C2-451A-B7EC-DFE647487E41}.Debug|x86.Deploy.0 = Debug|x86
		{34B36CD8-41C2-451A-B7EC-DFE647487E41}.Release|Any CPU.ActiveCfg = Release|x64
		{34B36CD8-41C2-451A-B7EC-DFE647487E41}.Release|Any CPU.Build.0 = Release|x64
		{34B36CD8-41C2-451A-B7EC-DFE647487E41}.Release|Any CPU.Deploy.0 = Release|x64
		{34B36CD8-41C2-451A-B7EC-DFE647487E41}.Release|arm64.ActiveCfg = Release|arm64
		{34B36CD8-41C2-451A-B7EC-DFE647487E41}.Release|arm64.Build.0 = Release|arm64
		{34B36CD8-41C2-451A-B7EC-DFE647487E41}.Release|arm64.Deploy.0 = Release|arm64
		{34B36CD8-41C2-451A-B7EC-DFE647487E41}.Release|x64.ActiveCfg = Release|x64
		{34B36CD8-41C2-451A-B7EC-DFE647487E41}.Release|x64.Build.0 = Release|x64
		{34B36CD8-41C2-451A-B7EC-DFE647487E41}.Release|x64.Deploy.0 = Release|x64
		{34B36CD8-41C2-451A-B7EC-DFE647487E41}.Release|x86.ActiveCfg = Release|x86
		{34B36CD8-41C2-451A-B7EC-DFE647487E41}.Release|x86.Build.0 = Release|x86
		{34B36CD8-41C2-451A-B7EC-DFE647487E41}.Release|x86.Deploy.0 = Release|x86
		{32427FC5-D11D-43F2-A5DF-7A85ED51B187}.Debug|Any CPU.ActiveCfg = Debug|Any CPU
		{32427FC5-D11D-43F2-A5DF-7A85ED51B187}.Debug|Any CPU.Build.0 = Debug|Any CPU
		{32427FC5-D11D-43F2-A5DF-7A85ED51B187}.Debug|arm64.ActiveCfg = Debug|arm64
		{32427FC5-D11D-43F2-A5DF-7A85ED51B187}.Debug|arm64.Build.0 = Debug|arm64
		{32427FC5-D11D-43F2-A5DF-7A85ED51B187}.Debug|x64.ActiveCfg = Debug|x64
		{32427FC5-D11D-43F2-A5DF-7A85ED51B187}.Debug|x64.Build.0 = Debug|x64
		{32427FC5-D11D-43F2-A5DF-7A85ED51B187}.Debug|x86.ActiveCfg = Debug|x86
		{32427FC5-D11D-43F2-A5DF-7A85ED51B187}.Debug|x86.Build.0 = Debug|x86
		{32427FC5-D11D-43F2-A5DF-7A85ED51B187}.Release|Any CPU.ActiveCfg = Release|Any CPU
		{32427FC5-D11D-43F2-A5DF-7A85ED51B187}.Release|Any CPU.Build.0 = Release|Any CPU
		{32427FC5-D11D-43F2-A5DF-7A85ED51B187}.Release|arm64.ActiveCfg = Release|arm64
		{32427FC5-D11D-43F2-A5DF-7A85ED51B187}.Release|arm64.Build.0 = Release|arm64
		{32427FC5-D11D-43F2-A5DF-7A85ED51B187}.Release|x64.ActiveCfg = Release|x64
		{32427FC5-D11D-43F2-A5DF-7A85ED51B187}.Release|x64.Build.0 = Release|x64
		{32427FC5-D11D-43F2-A5DF-7A85ED51B187}.Release|x86.ActiveCfg = Release|x86
		{32427FC5-D11D-43F2-A5DF-7A85ED51B187}.Release|x86.Build.0 = Release|x86
		{8A2C40F1-65B3-4E5E-A16A-39F8F2D7F6E1}.Debug|Any CPU.ActiveCfg = Debug|x64
		{8A2C40F1-65B3-4E5E-A16A-39F8F2D7F6E1}.Debug|Any CPU.Build.0 = Debug|x64
		{8A2C40F1-65B3-4E5E-A16A-39F8F2D7F6E1}.Debug|arm64.ActiveCfg = Debug|arm64
		{8A2C40F1-65B3-4E5E-A16A-39F8F2D7F6E1}.Debug|arm64.Build.0 = Debug|arm64
		{8A2C40F1-65B3-4E5E-A16A-39F8F2D7F6E1}.Debug|x64.ActiveCfg = Debug|x64
		{8A2C40F1-65B3-4E5E-A16A-39F8F2D7F6E1}.Debug|x64.Build.0 = Debug|x64
		{8A2C40F1-65B3-4E5E-A16A-39F8F2D7F6E1}.Debug|x86.ActiveCfg = Debug|x86
		{8A2C40F1-65B3-4E5E-A16A-39F8F2D7F6E1}.Debug|x86.Build.0 = Debug|x86
		{8A2C40F1-65B3-4E5E-A16A-39F8F2D7F6E1}.Release|Any CPU.ActiveCfg = Release|x64
		{8A2C40F1-65B3-4E5E-A16A-39F8F2D7F6E1}.Release|Any CPU.Build.0 = Release|x64
		{8A2C40F1-65B3-4E5E-A16A-39F8F2D7F6E1}.Release|arm64.ActiveCfg = Release|arm64
		{8A2C40F1-65B3-4E5E-A16A-39F8F2D7F6E1}.Release|arm64.Build.0 = Release|arm64
		{8A2C40F1-65B3-4E5E-A16A-39F8F2D7F6E1}.Release|x64.ActiveCfg = Release|x64
		{8A2C40F1-65B3-4E5E-A16A-39F8F2D7F6E1}.Release|x64.Build.0 = Release|x64
		{8A2C40F1-65B3-4E5E-A16A-39F8F2D7F6E1}.Release|x86.ActiveCfg = Release|x86
		{8A2C40F1-65B3-4E5E-A16A-39F8F2D7F6E1}.Release|x86.Build.0 = Release|x86
	EndGlobalSection
	GlobalSection(SolutionProperties) = preSolution
		HideSolutionNode = FALSE
	EndGlobalSection
	GlobalSection(ExtensibilityGlobals) = postSolution
		SolutionGuid = {4DE574B0-1E9B-42E3-B777-83C1E729D3EA}
	EndGlobalSection
EndGlobal
